// !$*UTF8*$!
{
	archiveVersion = 1;
	classes = {
	};
	objectVersion = 77;
	objects = {

/* Begin PBXBuildFile section */
		6FC6EC412ECCD6A900D67341 /* FirebaseAI in Frameworks */ = {isa = PBXBuildFile; productRef = 6FC6EC402ECCD6A900D67341 /* FirebaseAI */; };
		6FC6EC432ECCD6A900D67341 /* FirebaseAILogic in Frameworks */ = {isa = PBXBuildFile; productRef = 6FC6EC422ECCD6A900D67341 /* FirebaseAILogic */; };
		6FC6EC452ECCD6A900D67341 /* FirebaseAnalytics in Frameworks */ = {isa = PBXBuildFile; productRef = 6FC6EC442ECCD6A900D67341 /* FirebaseAnalytics */; };
		6FC6EC472ECCD6A900D67341 /* FirebaseAnalyticsCore in Frameworks */ = {isa = PBXBuildFile; productRef = 6FC6EC462ECCD6A900D67341 /* FirebaseAnalyticsCore */; };
		6FC6EC492ECCD6A900D67341 /* FirebaseAnalyticsIdentitySupport in Frameworks */ = {isa = PBXBuildFile; productRef = 6FC6EC482ECCD6A900D67341 /* FirebaseAnalyticsIdentitySupport */; };
		6FC6EC7A2ECCE05000D67341 /* FirebaseAppCheck in Frameworks */ = {isa = PBXBuildFile; productRef = 6FC6EC792ECCE05000D67341 /* FirebaseAppCheck */; };
		6FC6EC7C2ECCE05000D67341 /* FirebaseAppDistribution-Beta in Frameworks */ = {isa = PBXBuildFile; productRef = 6FC6EC7B2ECCE05000D67341 /* FirebaseAppDistribution-Beta */; };
		6FC6EC7E2ECCE05000D67341 /* FirebaseAuth in Frameworks */ = {isa = PBXBuildFile; productRef = 6FC6EC7D2ECCE05000D67341 /* FirebaseAuth */; };
		6FC6EC802ECCE05000D67341 /* FirebaseAuthCombine-Community in Frameworks */ = {isa = PBXBuildFile; productRef = 6FC6EC7F2ECCE05000D67341 /* FirebaseAuthCombine-Community */; };
		6FC6EC822ECCE05000D67341 /* FirebaseCore in Frameworks */ = {isa = PBXBuildFile; productRef = 6FC6EC812ECCE05000D67341 /* FirebaseCore */; };
		6FC6EC842ECCE05000D67341 /* FirebaseCrashlytics in Frameworks */ = {isa = PBXBuildFile; productRef = 6FC6EC832ECCE05000D67341 /* FirebaseCrashlytics */; };
		6FC6EC862ECCE05000D67341 /* FirebaseDatabase in Frameworks */ = {isa = PBXBuildFile; productRef = 6FC6EC852ECCE05000D67341 /* FirebaseDatabase */; };
		6FC6EC882ECCE05000D67341 /* FirebaseFirestore in Frameworks */ = {isa = PBXBuildFile; productRef = 6FC6EC872ECCE05000D67341 /* FirebaseFirestore */; };
		6FC6EC8A2ECCE05000D67341 /* FirebaseFirestoreCombine-Community in Frameworks */ = {isa = PBXBuildFile; productRef = 6FC6EC892ECCE05000D67341 /* FirebaseFirestoreCombine-Community */; };
		6FC6EC8C2ECCE05000D67341 /* FirebaseFunctions in Frameworks */ = {isa = PBXBuildFile; productRef = 6FC6EC8B2ECCE05000D67341 /* FirebaseFunctions */; };
		6FC6EC8E2ECCE05000D67341 /* FirebaseFunctionsCombine-Community in Frameworks */ = {isa = PBXBuildFile; productRef = 6FC6EC8D2ECCE05000D67341 /* FirebaseFunctionsCombine-Community */; };
		6FC6EC902ECCE05000D67341 /* FirebaseInAppMessaging-Beta in Frameworks */ = {isa = PBXBuildFile; productRef = 6FC6EC8F2ECCE05000D67341 /* FirebaseInAppMessaging-Beta */; };
		6FC6EC922ECCE05000D67341 /* FirebaseInstallations in Frameworks */ = {isa = PBXBuildFile; productRef = 6FC6EC912ECCE05000D67341 /* FirebaseInstallations */; };
		6FC6EC942ECCE05000D67341 /* FirebaseMLModelDownloader in Frameworks */ = {isa = PBXBuildFile; productRef = 6FC6EC932ECCE05000D67341 /* FirebaseMLModelDownloader */; };
		6FC6EC962ECCE05000D67341 /* FirebaseMessaging in Frameworks */ = {isa = PBXBuildFile; productRef = 6FC6EC952ECCE05000D67341 /* FirebaseMessaging */; };
		6FC6EC982ECCE05000D67341 /* FirebasePerformance in Frameworks */ = {isa = PBXBuildFile; productRef = 6FC6EC972ECCE05000D67341 /* FirebasePerformance */; };
		6FC6EC9A2ECCE05000D67341 /* FirebaseRemoteConfig in Frameworks */ = {isa = PBXBuildFile; productRef = 6FC6EC992ECCE05000D67341 /* FirebaseRemoteConfig */; };
		6FC6EC9C2ECCE05000D67341 /* FirebaseStorage in Frameworks */ = {isa = PBXBuildFile; productRef = 6FC6EC9B2ECCE05000D67341 /* FirebaseStorage */; };
		6FC6EC9E2ECCE05000D67341 /* FirebaseStorageCombine-Community in Frameworks */ = {isa = PBXBuildFile; productRef = 6FC6EC9D2ECCE05000D67341 /* FirebaseStorageCombine-Community */; };
/* End PBXBuildFile section */

/* Begin PBXContainerItemProxy section */
		6F02D0E62ECCCB5E00A5FE92 /* PBXContainerItemProxy */ = {
			isa = PBXContainerItemProxy;
			containerPortal = 6F02D0D02ECCCB5900A5FE92 /* Project object */;
			proxyType = 1;
			remoteGlobalIDString = 6F02D0D72ECCCB5900A5FE92;
			remoteInfo = HuellasEternas;
		};
		6F02D0F02ECCCB5E00A5FE92 /* PBXContainerItemProxy */ = {
			isa = PBXContainerItemProxy;
			containerPortal = 6F02D0D02ECCCB5900A5FE92 /* Project object */;
			proxyType = 1;
			remoteGlobalIDString = 6F02D0D72ECCCB5900A5FE92;
			remoteInfo = HuellasEternas;
		};
/* End PBXContainerItemProxy section */

/* Begin PBXFileReference section */
		6F02D0D82ECCCB5900A5FE92 /* HuellasEternas.app */ = {isa = PBXFileReference; explicitFileType = wrapper.application; includeInIndex = 0; path = HuellasEternas.app; sourceTree = BUILT_PRODUCTS_DIR; };
		6F02D0E52ECCCB5E00A5FE92 /* HuellasEternasTests.xctest */ = {isa = PBXFileReference; explicitFileType = wrapper.cfbundle; includeInIndex = 0; path = HuellasEternasTests.xctest; sourceTree = BUILT_PRODUCTS_DIR; };
		6F02D0EF2ECCCB5E00A5FE92 /* HuellasEternasUITests.xctest */ = {isa = PBXFileReference; explicitFileType = wrapper.cfbundle; includeInIndex = 0; path = HuellasEternasUITests.xctest; sourceTree = BUILT_PRODUCTS_DIR; };
/* End PBXFileReference section */

/* Begin PBXFileSystemSynchronizedBuildFileExceptionSet section */
		6FEBBF6E2EF2965D008A2DE4 /* Exceptions for "HuellasEternas" folder in "HuellasEternas" target */ = {
			isa = PBXFileSystemSynchronizedBuildFileExceptionSet;
			membershipExceptions = (
				Info.plist,
			);
			target = 6F02D0D72ECCCB5900A5FE92 /* HuellasEternas */;
		};
/* End PBXFileSystemSynchronizedBuildFileExceptionSet section */

/* Begin PBXFileSystemSynchronizedRootGroup section */
		6F02D0DA2ECCCB5900A5FE92 /* HuellasEternas */ = {
			isa = PBXFileSystemSynchronizedRootGroup;
			exceptions = (
				6FEBBF6E2EF2965D008A2DE4 /* Exceptions for "HuellasEternas" folder in "HuellasEternas" target */,
			);
			path = HuellasEternas;
			sourceTree = "<group>";
		};
		6F02D0E82ECCCB5E00A5FE92 /* HuellasEternasTests */ = {
			isa = PBXFileSystemSynchronizedRootGroup;
			path = HuellasEternasTests;
			sourceTree = "<group>";
		};
		6F02D0F22ECCCB5E00A5FE92 /* HuellasEternasUITests */ = {
			isa = PBXFileSystemSynchronizedRootGroup;
			path = HuellasEternasUITests;
			sourceTree = "<group>";
		};
/* End PBXFileSystemSynchronizedRootGroup section */

/* Begin PBXFrameworksBuildPhase section */
		6F02D0D52ECCCB5900A5FE92 /* Frameworks */ = {
			isa = PBXFrameworksBuildPhase;
			buildActionMask = 2147483647;
			files = (
				6FC6EC7C2ECCE05000D67341 /* FirebaseAppDistribution-Beta in Frameworks */,
				6FC6EC882ECCE05000D67341 /* FirebaseFirestore in Frameworks */,
				6FC6EC802ECCE05000D67341 /* FirebaseAuthCombine-Community in Frameworks */,
				6FC6EC922ECCE05000D67341 /* FirebaseInstallations in Frameworks */,
				6FC6EC432ECCD6A900D67341 /* FirebaseAILogic in Frameworks */,
				6FC6EC492ECCD6A900D67341 /* FirebaseAnalyticsIdentitySupport in Frameworks */,
				6FC6EC902ECCE05000D67341 /* FirebaseInAppMessaging-Beta in Frameworks */,
				6FC6EC412ECCD6A900D67341 /* FirebaseAI in Frameworks */,
				6FC6EC842ECCE05000D67341 /* FirebaseCrashlytics in Frameworks */,
				6FC6EC8E2ECCE05000D67341 /* FirebaseFunctionsCombine-Community in Frameworks */,
				6FC6EC9E2ECCE05000D67341 /* FirebaseStorageCombine-Community in Frameworks */,
				6FC6EC862ECCE05000D67341 /* FirebaseDatabase in Frameworks */,
				6FC6EC9C2ECCE05000D67341 /* FirebaseStorage in Frameworks */,
				6FC6EC9A2ECCE05000D67341 /* FirebaseRemoteConfig in Frameworks */,
				6FC6EC452ECCD6A900D67341 /* FirebaseAnalytics in Frameworks */,
				6FC6EC962ECCE05000D67341 /* FirebaseMessaging in Frameworks */,
				6FC6EC942ECCE05000D67341 /* FirebaseMLModelDownloader in Frameworks */,
				6FC6EC982ECCE05000D67341 /* FirebasePerformance in Frameworks */,
				6FC6EC822ECCE05000D67341 /* FirebaseCore in Frameworks */,
				6FC6EC7A2ECCE05000D67341 /* FirebaseAppCheck in Frameworks */,
				6FC6EC472ECCD6A900D67341 /* FirebaseAnalyticsCore in Frameworks */,
				6FC6EC8C2ECCE05000D67341 /* FirebaseFunctions in Frameworks */,
				6FC6EC7E2ECCE05000D67341 /* FirebaseAuth in Frameworks */,
				6FC6EC8A2ECCE05000D67341 /* FirebaseFirestoreCombine-Community in Frameworks */,
			);
			runOnlyForDeploymentPostprocessing = 0;
		};
		6F02D0E22ECCCB5E00A5FE92 /* Frameworks */ = {
			isa = PBXFrameworksBuildPhase;
			buildActionMask = 2147483647;
			files = (
			);
			runOnlyForDeploymentPostprocessing = 0;
		};
		6F02D0EC2ECCCB5E00A5FE92 /* Frameworks */ = {
			isa = PBXFrameworksBuildPhase;
			buildActionMask = 2147483647;
			files = (
			);
			runOnlyForDeploymentPostprocessing = 0;
		};
/* End PBXFrameworksBuildPhase section */

/* Begin PBXGroup section */
		6F02D0CF2ECCCB5900A5FE92 = {
			isa = PBXGroup;
			children = (
				6F02D0DA2ECCCB5900A5FE92 /* HuellasEternas */,
				6F02D0E82ECCCB5E00A5FE92 /* HuellasEternasTests */,
				6F02D0F22ECCCB5E00A5FE92 /* HuellasEternasUITests */,
				6F02D0D92ECCCB5900A5FE92 /* Products */,
			);
			sourceTree = "<group>";
		};
		6F02D0D92ECCCB5900A5FE92 /* Products */ = {
			isa = PBXGroup;
			children = (
				6F02D0D82ECCCB5900A5FE92 /* HuellasEternas.app */,
				6F02D0E52ECCCB5E00A5FE92 /* HuellasEternasTests.xctest */,
				6F02D0EF2ECCCB5E00A5FE92 /* HuellasEternasUITests.xctest */,
			);
			name = Products;
			sourceTree = "<group>";
		};
/* End PBXGroup section */

/* Begin PBXNativeTarget section */
		6F02D0D72ECCCB5900A5FE92 /* HuellasEternas */ = {
			isa = PBXNativeTarget;
			buildConfigurationList = 6F02D0F92ECCCB5E00A5FE92 /* Build configuration list for PBXNativeTarget "HuellasEternas" */;
			buildPhases = (
				6F02D0D42ECCCB5900A5FE92 /* Sources */,
				6F02D0D52ECCCB5900A5FE92 /* Frameworks */,
				6F02D0D62ECCCB5900A5FE92 /* Resources */,
			);
			buildRules = (
			);
			dependencies = (
			);
			fileSystemSynchronizedGroups = (
				6F02D0DA2ECCCB5900A5FE92 /* HuellasEternas */,
			);
			name = HuellasEternas;
			packageProductDependencies = (
				6FC6EC402ECCD6A900D67341 /* FirebaseAI */,
				6FC6EC422ECCD6A900D67341 /* FirebaseAILogic */,
				6FC6EC442ECCD6A900D67341 /* FirebaseAnalytics */,
				6FC6EC462ECCD6A900D67341 /* FirebaseAnalyticsCore */,
				6FC6EC482ECCD6A900D67341 /* FirebaseAnalyticsIdentitySupport */,
				6FC6EC792ECCE05000D67341 /* FirebaseAppCheck */,
				6FC6EC7B2ECCE05000D67341 /* FirebaseAppDistribution-Beta */,
				6FC6EC7D2ECCE05000D67341 /* FirebaseAuth */,
				6FC6EC7F2ECCE05000D67341 /* FirebaseAuthCombine-Community */,
				6FC6EC812ECCE05000D67341 /* FirebaseCore */,
				6FC6EC832ECCE05000D67341 /* FirebaseCrashlytics */,
				6FC6EC852ECCE05000D67341 /* FirebaseDatabase */,
				6FC6EC872ECCE05000D67341 /* FirebaseFirestore */,
				6FC6EC892ECCE05000D67341 /* FirebaseFirestoreCombine-Community */,
				6FC6EC8B2ECCE05000D67341 /* FirebaseFunctions */,
				6FC6EC8D2ECCE05000D67341 /* FirebaseFunctionsCombine-Community */,
				6FC6EC8F2ECCE05000D67341 /* FirebaseInAppMessaging-Beta */,
				6FC6EC912ECCE05000D67341 /* FirebaseInstallations */,
				6FC6EC932ECCE05000D67341 /* FirebaseMLModelDownloader */,
				6FC6EC952ECCE05000D67341 /* FirebaseMessaging */,
				6FC6EC972ECCE05000D67341 /* FirebasePerformance */,
				6FC6EC992ECCE05000D67341 /* FirebaseRemoteConfig */,
				6FC6EC9B2ECCE05000D67341 /* FirebaseStorage */,
				6FC6EC9D2ECCE05000D67341 /* FirebaseStorageCombine-Community */,
			);
			productName = HuellasEternas;
			productReference = 6F02D0D82ECCCB5900A5FE92 /* HuellasEternas.app */;
			productType = "com.apple.product-type.application";
		};
		6F02D0E42ECCCB5E00A5FE92 /* HuellasEternasTests */ = {
			isa = PBXNativeTarget;
			buildConfigurationList = 6F02D0FC2ECCCB5E00A5FE92 /* Build configuration list for PBXNativeTarget "HuellasEternasTests" */;
			buildPhases = (
				6F02D0E12ECCCB5E00A5FE92 /* Sources */,
				6F02D0E22ECCCB5E00A5FE92 /* Frameworks */,
				6F02D0E32ECCCB5E00A5FE92 /* Resources */,
			);
			buildRules = (
			);
			dependencies = (
				6F02D0E72ECCCB5E00A5FE92 /* PBXTargetDependency */,
			);
			fileSystemSynchronizedGroups = (
				6F02D0E82ECCCB5E00A5FE92 /* HuellasEternasTests */,
			);
			name = HuellasEternasTests;
			packageProductDependencies = (
			);
			productName = HuellasEternasTests;
			productReference = 6F02D0E52ECCCB5E00A5FE92 /* HuellasEternasTests.xctest */;
			productType = "com.apple.product-type.bundle.unit-test";
		};
		6F02D0EE2ECCCB5E00A5FE92 /* HuellasEternasUITests */ = {
			isa = PBXNativeTarget;
			buildConfigurationList = 6F02D0FF2ECCCB5E00A5FE92 /* Build configuration list for PBXNativeTarget "HuellasEternasUITests" */;
			buildPhases = (
				6F02D0EB2ECCCB5E00A5FE92 /* Sources */,
				6F02D0EC2ECCCB5E00A5FE92 /* Frameworks */,
				6F02D0ED2ECCCB5E00A5FE92 /* Resources */,
			);
			buildRules = (
			);
			dependencies = (
				6F02D0F12ECCCB5E00A5FE92 /* PBXTargetDependency */,
			);
			fileSystemSynchronizedGroups = (
				6F02D0F22ECCCB5E00A5FE92 /* HuellasEternasUITests */,
			);
			name = HuellasEternasUITests;
			packageProductDependencies = (
			);
			productName = HuellasEternasUITests;
			productReference = 6F02D0EF2ECCCB5E00A5FE92 /* HuellasEternasUITests.xctest */;
			productType = "com.apple.product-type.bundle.ui-testing";
		};
/* End PBXNativeTarget section */

/* Begin PBXProject section */
		6F02D0D02ECCCB5900A5FE92 /* Project object */ = {
			isa = PBXProject;
			attributes = {
				BuildIndependentTargetsInParallel = 1;
				LastSwiftUpdateCheck = 1640;
				LastUpgradeCheck = 1640;
				TargetAttributes = {
					6F02D0D72ECCCB5900A5FE92 = {
						CreatedOnToolsVersion = 16.4;
					};
					6F02D0E42ECCCB5E00A5FE92 = {
						CreatedOnToolsVersion = 16.4;
						TestTargetID = 6F02D0D72ECCCB5900A5FE92;
					};
					6F02D0EE2ECCCB5E00A5FE92 = {
						CreatedOnToolsVersion = 16.4;
						TestTargetID = 6F02D0D72ECCCB5900A5FE92;
					};
				};
			};
			buildConfigurationList = 6F02D0D32ECCCB5900A5FE92 /* Build configuration list for PBXProject "HuellasEternas" */;
			developmentRegion = en;
			hasScannedForEncodings = 0;
			knownRegions = (
				en,
				Base,
			);
			mainGroup = 6F02D0CF2ECCCB5900A5FE92;
			minimizedProjectReferenceProxies = 1;
			packageReferences = (
				6F02D1172ECCD40000A5FE92 /* XCRemoteSwiftPackageReference "firebase-ios-sdk" */,
			);
			preferredProjectObjectVersion = 77;
			productRefGroup = 6F02D0D92ECCCB5900A5FE92 /* Products */;
			projectDirPath = "";
			projectRoot = "";
			targets = (
				6F02D0D72ECCCB5900A5FE92 /* HuellasEternas */,
				6F02D0E42ECCCB5E00A5FE92 /* HuellasEternasTests */,
				6F02D0EE2ECCCB5E00A5FE92 /* HuellasEternasUITests */,
			);
		};
/* End PBXProject section */

/* Begin PBXResourcesBuildPhase section */
		6F02D0D62ECCCB5900A5FE92 /* Resources */ = {
			isa = PBXResourcesBuildPhase;
			buildActionMask = 2147483647;
			files = (
			);
			runOnlyForDeploymentPostprocessing = 0;
		};
		6F02D0E32ECCCB5E00A5FE92 /* Resources */ = {
			isa = PBXResourcesBuildPhase;
			buildActionMask = 2147483647;
			files = (
			);
			runOnlyForDeploymentPostprocessing = 0;
		};
		6F02D0ED2ECCCB5E00A5FE92 /* Resources */ = {
			isa = PBXResourcesBuildPhase;
			buildActionMask = 2147483647;
			files = (
			);
			runOnlyForDeploymentPostprocessing = 0;
		};
/* End PBXResourcesBuildPhase section */

/* Begin PBXSourcesBuildPhase section */
		6F02D0D42ECCCB5900A5FE92 /* Sources */ = {
			isa = PBXSourcesBuildPhase;
			buildActionMask = 2147483647;
			files = (
			);
			runOnlyForDeploymentPostprocessing = 0;
		};
		6F02D0E12ECCCB5E00A5FE92 /* Sources */ = {
			isa = PBXSourcesBuildPhase;
			buildActionMask = 2147483647;
			files = (
			);
			runOnlyForDeploymentPostprocessing = 0;
		};
		6F02D0EB2ECCCB5E00A5FE92 /* Sources */ = {
			isa = PBXSourcesBuildPhase;
			buildActionMask = 2147483647;
			files = (
			);
			runOnlyForDeploymentPostprocessing = 0;
		};
/* End PBXSourcesBuildPhase section */

/* Begin PBXTargetDependency section */
		6F02D0E72ECCCB5E00A5FE92 /* PBXTargetDependency */ = {
			isa = PBXTargetDependency;
			target = 6F02D0D72ECCCB5900A5FE92 /* HuellasEternas */;
			targetProxy = 6F02D0E62ECCCB5E00A5FE92 /* PBXContainerItemProxy */;
		};
		6F02D0F12ECCCB5E00A5FE92 /* PBXTargetDependency */ = {
			isa = PBXTargetDependency;
			target = 6F02D0D72ECCCB5900A5FE92 /* HuellasEternas */;
			targetProxy = 6F02D0F02ECCCB5E00A5FE92 /* PBXContainerItemProxy */;
		};
/* End PBXTargetDependency section */

/* Begin XCBuildConfiguration section */
		6F02D0F72ECCCB5E00A5FE92 /* Debug */ = {
			isa = XCBuildConfiguration;
			buildSettings = {
				ALWAYS_SEARCH_USER_PATHS = NO;
				ASSETCATALOG_COMPILER_GENERATE_SWIFT_ASSET_SYMBOL_EXTENSIONS = YES;
				CLANG_ANALYZER_NONNULL = YES;
				CLANG_ANALYZER_NUMBER_OBJECT_CONVERSION = YES_AGGRESSIVE;
				CLANG_CXX_LANGUAGE_STANDARD = "gnu++20";
				CLANG_ENABLE_MODULES = YES;
				CLANG_ENABLE_OBJC_ARC = YES;
				CLANG_ENABLE_OBJC_WEAK = YES;
				CLANG_WARN_BLOCK_CAPTURE_AUTORELEASING = YES;
				CLANG_WARN_BOOL_CONVERSION = YES;
				CLANG_WARN_COMMA = YES;
				CLANG_WARN_CONSTANT_CONVERSION = YES;
				CLANG_WARN_DEPRECATED_OBJC_IMPLEMENTATIONS = YES;
				CLANG_WARN_DIRECT_OBJC_ISA_USAGE = YES_ERROR;
				CLANG_WARN_DOCUMENTATION_COMMENTS = YES;
				CLANG_WARN_EMPTY_BODY = YES;
				CLANG_WARN_ENUM_CONVERSION = YES;
				CLANG_WARN_INFINITE_RECURSION = YES;
				CLANG_WARN_INT_CONVERSION = YES;
				CLANG_WARN_NON_LITERAL_NULL_CONVERSION = YES;
				CLANG_WARN_OBJC_IMPLICIT_RETAIN_SELF = YES;
				CLANG_WARN_OBJC_LITERAL_CONVERSION = YES;
				CLANG_WARN_OBJC_ROOT_CLASS = YES_ERROR;
				CLANG_WARN_QUOTED_INCLUDE_IN_FRAMEWORK_HEADER = YES;
				CLANG_WARN_RANGE_LOOP_ANALYSIS = YES;
				CLANG_WARN_STRICT_PROTOTYPES = YES;
				CLANG_WARN_SUSPICIOUS_MOVE = YES;
				CLANG_WARN_UNGUARDED_AVAILABILITY = YES_AGGRESSIVE;
				CLANG_WARN_UNREACHABLE_CODE = YES;
				CLANG_WARN__DUPLICATE_METHOD_MATCH = YES;
				COPY_PHASE_STRIP = NO;
				DEBUG_INFORMATION_FORMAT = dwarf;
				DEVELOPMENT_TEAM = WCKPXB57CT;
				ENABLE_STRICT_OBJC_MSGSEND = YES;
				ENABLE_TESTABILITY = YES;
				ENABLE_USER_SCRIPT_SANDBOXING = YES;
				GCC_C_LANGUAGE_STANDARD = gnu17;
				GCC_DYNAMIC_NO_PIC = NO;
				GCC_NO_COMMON_BLOCKS = YES;
				GCC_OPTIMIZATION_LEVEL = 0;
				GCC_PREPROCESSOR_DEFINITIONS = (
					"DEBUG=1",
					"$(inherited)",
				);
				GCC_WARN_64_TO_32_BIT_CONVERSION = YES;
				GCC_WARN_ABOUT_RETURN_TYPE = YES_ERROR;
				GCC_WARN_UNDECLARED_SELECTOR = YES;
				GCC_WARN_UNINITIALIZED_AUTOS = YES_AGGRESSIVE;
				GCC_WARN_UNUSED_FUNCTION = YES;
				GCC_WARN_UNUSED_VARIABLE = YES;
				IPHONEOS_DEPLOYMENT_TARGET = 18.5;
				LOCALIZATION_PREFERS_STRING_CATALOGS = YES;
				MTL_ENABLE_DEBUG_INFO = INCLUDE_SOURCE;
				MTL_FAST_MATH = YES;
				ONLY_ACTIVE_ARCH = YES;
				SDKROOT = iphoneos;
				SWIFT_ACTIVE_COMPILATION_CONDITIONS = "DEBUG $(inherited)";
				SWIFT_OPTIMIZATION_LEVEL = "-Onone";
			};
			name = Debug;
		};
		6F02D0F82ECCCB5E00A5FE92 /* Release */ = {
			isa = XCBuildConfiguration;
			buildSettings = {
				ALWAYS_SEARCH_USER_PATHS = NO;
				ASSETCATALOG_COMPILER_GENERATE_SWIFT_ASSET_SYMBOL_EXTENSIONS = YES;
				CLANG_ANALYZER_NONNULL = YES;
				CLANG_ANALYZER_NUMBER_OBJECT_CONVERSION = YES_AGGRESSIVE;
				CLANG_CXX_LANGUAGE_STANDARD = "gnu++20";
				CLANG_ENABLE_MODULES = YES;
				CLANG_ENABLE_OBJC_ARC = YES;
				CLANG_ENABLE_OBJC_WEAK = YES;
				CLANG_WARN_BLOCK_CAPTURE_AUTORELEASING = YES;
				CLANG_WARN_BOOL_CONVERSION = YES;
				CLANG_WARN_COMMA = YES;
				CLANG_WARN_CONSTANT_CONVERSION = YES;
				CLANG_WARN_DEPRECATED_OBJC_IMPLEMENTATIONS = YES;
				CLANG_WARN_DIRECT_OBJC_ISA_USAGE = YES_ERROR;
				CLANG_WARN_DOCUMENTATION_COMMENTS = YES;
				CLANG_WARN_EMPTY_BODY = YES;
				CLANG_WARN_ENUM_CONVERSION = YES;
				CLANG_WARN_INFINITE_RECURSION = YES;
				CLANG_WARN_INT_CONVERSION = YES;
				CLANG_WARN_NON_LITERAL_NULL_CONVERSION = YES;
				CLANG_WARN_OBJC_IMPLICIT_RETAIN_SELF = YES;
				CLANG_WARN_OBJC_LITERAL_CONVERSION = YES;
				CLANG_WARN_OBJC_ROOT_CLASS = YES_ERROR;
				CLANG_WARN_QUOTED_INCLUDE_IN_FRAMEWORK_HEADER = YES;
				CLANG_WARN_RANGE_LOOP_ANALYSIS = YES;
				CLANG_WARN_STRICT_PROTOTYPES = YES;
				CLANG_WARN_SUSPICIOUS_MOVE = YES;
				CLANG_WARN_UNGUARDED_AVAILABILITY = YES_AGGRESSIVE;
				CLANG_WARN_UNREACHABLE_CODE = YES;
				CLANG_WARN__DUPLICATE_METHOD_MATCH = YES;
				COPY_PHASE_STRIP = NO;
				DEBUG_INFORMATION_FORMAT = "dwarf-with-dsym";
				DEVELOPMENT_TEAM = WCKPXB57CT;
				ENABLE_NS_ASSERTIONS = NO;
				ENABLE_STRICT_OBJC_MSGSEND = YES;
				ENABLE_USER_SCRIPT_SANDBOXING = YES;
				GCC_C_LANGUAGE_STANDARD = gnu17;
				GCC_NO_COMMON_BLOCKS = YES;
				GCC_WARN_64_TO_32_BIT_CONVERSION = YES;
				GCC_WARN_ABOUT_RETURN_TYPE = YES_ERROR;
				GCC_WARN_UNDECLARED_SELECTOR = YES;
				GCC_WARN_UNINITIALIZED_AUTOS = YES_AGGRESSIVE;
				GCC_WARN_UNUSED_FUNCTION = YES;
				GCC_WARN_UNUSED_VARIABLE = YES;
				IPHONEOS_DEPLOYMENT_TARGET = 18.5;
				LOCALIZATION_PREFERS_STRING_CATALOGS = YES;
				MTL_ENABLE_DEBUG_INFO = NO;
				MTL_FAST_MATH = YES;
				SDKROOT = iphoneos;
				SWIFT_COMPILATION_MODE = wholemodule;
				VALIDATE_PRODUCT = YES;
			};
			name = Release;
		};
		6F02D0FA2ECCCB5E00A5FE92 /* Debug */ = {
			isa = XCBuildConfiguration;
			buildSettings = {
				ASSETCATALOG_COMPILER_APPICON_NAME = AppIcon;
				ASSETCATALOG_COMPILER_GLOBAL_ACCENT_COLOR_NAME = AccentColor;
				CODE_SIGN_STYLE = Automatic;
				CURRENT_PROJECT_VERSION = 1;
				DEVELOPMENT_TEAM = WCKPXB57CT;
				ENABLE_PREVIEWS = YES;
				GENERATE_INFOPLIST_FILE = YES;
				INFOPLIST_FILE = HuellasEternas/Info.plist;
				INFOPLIST_KEY_UIApplicationSceneManifest_Generation = YES;
				INFOPLIST_KEY_UIApplicationSupportsIndirectInputEvents = YES;
				INFOPLIST_KEY_UILaunchScreen_Generation = YES;
				INFOPLIST_KEY_UISupportedInterfaceOrientations_iPad = "UIInterfaceOrientationPortrait UIInterfaceOrientationPortraitUpsideDown UIInterfaceOrientationLandscapeLeft UIInterfaceOrientationLandscapeRight";
				INFOPLIST_KEY_UISupportedInterfaceOrientations_iPhone = "UIInterfaceOrientationPortrait UIInterfaceOrientationLandscapeLeft UIInterfaceOrientationLandscapeRight";
				LD_RUNPATH_SEARCH_PATHS = (
					"$(inherited)",
					"@executable_path/Frameworks",
				);
				MARKETING_VERSION = 1.0;
				PRODUCT_BUNDLE_IDENTIFIER = com.jjordanarenas.HuellasEternas;
				PRODUCT_NAME = "$(TARGET_NAME)";
				SWIFT_EMIT_LOC_STRINGS = YES;
				SWIFT_VERSION = 5.0;
				TARGETED_DEVICE_FAMILY = "1,2";
			};
			name = Debug;
		};
		6F02D0FB2ECCCB5E00A5FE92 /* Release */ = {
			isa = XCBuildConfiguration;
			buildSettings = {
				ASSETCATALOG_COMPILER_APPICON_NAME = AppIcon;
				ASSETCATALOG_COMPILER_GLOBAL_ACCENT_COLOR_NAME = AccentColor;
				CODE_SIGN_STYLE = Automatic;
				CURRENT_PROJECT_VERSION = 1;
				DEVELOPMENT_TEAM = WCKPXB57CT;
				ENABLE_PREVIEWS = YES;
				GENERATE_INFOPLIST_FILE = YES;
				INFOPLIST_FILE = HuellasEternas/Info.plist;
				INFOPLIST_KEY_UIApplicationSceneManifest_Generation = YES;
				INFOPLIST_KEY_UIApplicationSupportsIndirectInputEvents = YES;
				INFOPLIST_KEY_UILaunchScreen_Generation = YES;
				INFOPLIST_KEY_UISupportedInterfaceOrientations_iPad = "UIInterfaceOrientationPortrait UIInterfaceOrientationPortraitUpsideDown UIInterfaceOrientationLandscapeLeft UIInterfaceOrientationLandscapeRight";
				INFOPLIST_KEY_UISupportedInterfaceOrientations_iPhone = "UIInterfaceOrientationPortrait UIInterfaceOrientationLandscapeLeft UIInterfaceOrientationLandscapeRight";
				LD_RUNPATH_SEARCH_PATHS = (
					"$(inherited)",
					"@executable_path/Frameworks",
				);
				MARKETING_VERSION = 1.0;
				PRODUCT_BUNDLE_IDENTIFIER = com.jjordanarenas.HuellasEternas;
				PRODUCT_NAME = "$(TARGET_NAME)";
				SWIFT_EMIT_LOC_STRINGS = YES;
				SWIFT_VERSION = 5.0;
				TARGETED_DEVICE_FAMILY = "1,2";
			};
			name = Release;
		};
		6F02D0FD2ECCCB5E00A5FE92 /* Debug */ = {
			isa = XCBuildConfiguration;
			buildSettings = {
				BUNDLE_LOADER = "$(TEST_HOST)";
				CODE_SIGN_STYLE = Automatic;
				CURRENT_PROJECT_VERSION = 1;
				DEVELOPMENT_TEAM = WCKPXB57CT;
				GENERATE_INFOPLIST_FILE = YES;
				IPHONEOS_DEPLOYMENT_TARGET = 18.5;
				MARKETING_VERSION = 1.0;
				PRODUCT_BUNDLE_IDENTIFIER = com.jjordanarenas.HuellasEternasTests;
				PRODUCT_NAME = "$(TARGET_NAME)";
				SWIFT_EMIT_LOC_STRINGS = NO;
				SWIFT_VERSION = 5.0;
				TARGETED_DEVICE_FAMILY = "1,2";
				TEST_HOST = "$(BUILT_PRODUCTS_DIR)/HuellasEternas.app/$(BUNDLE_EXECUTABLE_FOLDER_PATH)/HuellasEternas";
			};
			name = Debug;
		};
		6F02D0FE2ECCCB5E00A5FE92 /* Release */ = {
			isa = XCBuildConfiguration;
			buildSettings = {
				BUNDLE_LOADER = "$(TEST_HOST)";
				CODE_SIGN_STYLE = Automatic;
				CURRENT_PROJECT_VERSION = 1;
				DEVELOPMENT_TEAM = WCKPXB57CT;
				GENERATE_INFOPLIST_FILE = YES;
				IPHONEOS_DEPLOYMENT_TARGET = 18.5;
				MARKETING_VERSION = 1.0;
				PRODUCT_BUNDLE_IDENTIFIER = com.jjordanarenas.HuellasEternasTests;
				PRODUCT_NAME = "$(TARGET_NAME)";
				SWIFT_EMIT_LOC_STRINGS = NO;
				SWIFT_VERSION = 5.0;
				TARGETED_DEVICE_FAMILY = "1,2";
				TEST_HOST = "$(BUILT_PRODUCTS_DIR)/HuellasEternas.app/$(BUNDLE_EXECUTABLE_FOLDER_PATH)/HuellasEternas";
			};
			name = Release;
		};
		6F02D1002ECCCB5E00A5FE92 /* Debug */ = {
			isa = XCBuildConfiguration;
			buildSettings = {
				CODE_SIGN_STYLE = Automatic;
				CURRENT_PROJECT_VERSION = 1;
				DEVELOPMENT_TEAM = WCKPXB57CT;
				GENERATE_INFOPLIST_FILE = YES;
				MARKETING_VERSION = 1.0;
				PRODUCT_BUNDLE_IDENTIFIER = com.jjordanarenas.HuellasEternasUITests;
				PRODUCT_NAME = "$(TARGET_NAME)";
				SWIFT_EMIT_LOC_STRINGS = NO;
				SWIFT_VERSION = 5.0;
				TARGETED_DEVICE_FAMILY = "1,2";
				TEST_TARGET_NAME = HuellasEternas;
			};
			name = Debug;
		};
		6F02D1012ECCCB5E00A5FE92 /* Release */ = {
			isa = XCBuildConfiguration;
			buildSettings = {
				CODE_SIGN_STYLE = Automatic;
				CURRENT_PROJECT_VERSION = 1;
				DEVELOPMENT_TEAM = WCKPXB57CT;
				GENERATE_INFOPLIST_FILE = YES;
				MARKETING_VERSION = 1.0;
				PRODUCT_BUNDLE_IDENTIFIER = com.jjordanarenas.HuellasEternasUITests;
				PRODUCT_NAME = "$(TARGET_NAME)";
				SWIFT_EMIT_LOC_STRINGS = NO;
				SWIFT_VERSION = 5.0;
				TARGETED_DEVICE_FAMILY = "1,2";
				TEST_TARGET_NAME = HuellasEternas;
			};
			name = Release;
		};
/* End XCBuildConfiguration section */

/* Begin XCConfigurationList section */
		6F02D0D32ECCCB5900A5FE92 /* Build configuration list for PBXProject "HuellasEternas" */ = {
			isa = XCConfigurationList;
			buildConfigurations = (
				6F02D0F72ECCCB5E00A5FE92 /* Debug */,
				6F02D0F82ECCCB5E00A5FE92 /* Release */,
			);
			defaultConfigurationIsVisible = 0;
			defaultConfigurationName = Release;
		};
		6F02D0F92ECCCB5E00A5FE92 /* Build configuration list for PBXNativeTarget "HuellasEternas" */ = {
			isa = XCConfigurationList;
			buildConfigurations = (
				6F02D0FA2ECCCB5E00A5FE92 /* Debug */,
				6F02D0FB2ECCCB5E00A5FE92 /* Release */,
			);
			defaultConfigurationIsVisible = 0;
			defaultConfigurationName = Release;
		};
		6F02D0FC2ECCCB5E00A5FE92 /* Build configuration list for PBXNativeTarget "HuellasEternasTests" */ = {
			isa = XCConfigurationList;
			buildConfigurations = (
				6F02D0FD2ECCCB5E00A5FE92 /* Debug */,
				6F02D0FE2ECCCB5E00A5FE92 /* Release */,
			);
			defaultConfigurationIsVisible = 0;
			defaultConfigurationName = Release;
		};
		6F02D0FF2ECCCB5E00A5FE92 /* Build configuration list for PBXNativeTarget "HuellasEternasUITests" */ = {
			isa = XCConfigurationList;
			buildConfigurations = (
				6F02D1002ECCCB5E00A5FE92 /* Debug */,
				6F02D1012ECCCB5E00A5FE92 /* Release */,
			);
			defaultConfigurationIsVisible = 0;
			defaultConfigurationName = Release;
		};
/* End XCConfigurationList section */

/* Begin XCRemoteSwiftPackageReference section */
		6F02D1172ECCD40000A5FE92 /* XCRemoteSwiftPackageReference "firebase-ios-sdk" */ = {
			isa = XCRemoteSwiftPackageReference;
			repositoryURL = "https://github.com/firebase/firebase-ios-sdk";
			requirement = {
				kind = upToNextMajorVersion;
				minimumVersion = 12.6.0;
			};
		};
/* End XCRemoteSwiftPackageReference section */

/* Begin XCSwiftPackageProductDependency section */
		6FC6EC402ECCD6A900D67341 /* FirebaseAI */ = {
			isa = XCSwiftPackageProductDependency;
			package = 6F02D1172ECCD40000A5FE92 /* XCRemoteSwiftPackageReference "firebase-ios-sdk" */;
			productName = FirebaseAI;
		};
		6FC6EC422ECCD6A900D67341 /* FirebaseAILogic */ = {
			isa = XCSwiftPackageProductDependency;
			package = 6F02D1172ECCD40000A5FE92 /* XCRemoteSwiftPackageReference "firebase-ios-sdk" */;
			productName = FirebaseAILogic;
		};
		6FC6EC442ECCD6A900D67341 /* FirebaseAnalytics */ = {
			isa = XCSwiftPackageProductDependency;
			package = 6F02D1172ECCD40000A5FE92 /* XCRemoteSwiftPackageReference "firebase-ios-sdk" */;
			productName = FirebaseAnalytics;
		};
		6FC6EC462ECCD6A900D67341 /* FirebaseAnalyticsCore */ = {
			isa = XCSwiftPackageProductDependency;
			package = 6F02D1172ECCD40000A5FE92 /* XCRemoteSwiftPackageReference "firebase-ios-sdk" */;
			productName = FirebaseAnalyticsCore;
		};
		6FC6EC482ECCD6A900D67341 /* FirebaseAnalyticsIdentitySupport */ = {
			isa = XCSwiftPackageProductDependency;
			package = 6F02D1172ECCD40000A5FE92 /* XCRemoteSwiftPackageReference "firebase-ios-sdk" */;
			productName = FirebaseAnalyticsIdentitySupport;
		};
		6FC6EC792ECCE05000D67341 /* FirebaseAppCheck */ = {
			isa = XCSwiftPackageProductDependency;
			package = 6F02D1172ECCD40000A5FE92 /* XCRemoteSwiftPackageReference "firebase-ios-sdk" */;
			productName = FirebaseAppCheck;
		};
		6FC6EC7B2ECCE05000D67341 /* FirebaseAppDistribution-Beta */ = {
			isa = XCSwiftPackageProductDependency;
			package = 6F02D1172ECCD40000A5FE92 /* XCRemoteSwiftPackageReference "firebase-ios-sdk" */;
			productName = "FirebaseAppDistribution-Beta";
		};
		6FC6EC7D2ECCE05000D67341 /* FirebaseAuth */ = {
			isa = XCSwiftPackageProductDependency;
			package = 6F02D1172ECCD40000A5FE92 /* XCRemoteSwiftPackageReference "firebase-ios-sdk" */;
			productName = FirebaseAuth;
		};
		6FC6EC7F2ECCE05000D67341 /* FirebaseAuthCombine-Community */ = {
			isa = XCSwiftPackageProductDependency;
			package = 6F02D1172ECCD40000A5FE92 /* XCRemoteSwiftPackageReference "firebase-ios-sdk" */;
			productName = "FirebaseAuthCombine-Community";
		};
		6FC6EC812ECCE05000D67341 /* FirebaseCore */ = {
			isa = XCSwiftPackageProductDependency;
			package = 6F02D1172ECCD40000A5FE92 /* XCRemoteSwiftPackageReference "firebase-ios-sdk" */;
			productName = FirebaseCore;
		};
		6FC6EC832ECCE05000D67341 /* FirebaseCrashlytics */ = {
			isa = XCSwiftPackageProductDependency;
			package = 6F02D1172ECCD40000A5FE92 /* XCRemoteSwiftPackageReference "firebase-ios-sdk" */;
			productName = FirebaseCrashlytics;
		};
		6FC6EC852ECCE05000D67341 /* FirebaseDatabase */ = {
			isa = XCSwiftPackageProductDependency;
			package = 6F02D1172ECCD40000A5FE92 /* XCRemoteSwiftPackageReference "firebase-ios-sdk" */;
			productName = FirebaseDatabase;
		};
		6FC6EC872ECCE05000D67341 /* FirebaseFirestore */ = {
			isa = XCSwiftPackageProductDependency;
			package = 6F02D1172ECCD40000A5FE92 /* XCRemoteSwiftPackageReference "firebase-ios-sdk" */;
			productName = FirebaseFirestore;
		};
		6FC6EC892ECCE05000D67341 /* FirebaseFirestoreCombine-Community */ = {
			isa = XCSwiftPackageProductDependency;
			package = 6F02D1172ECCD40000A5FE92 /* XCRemoteSwiftPackageReference "firebase-ios-sdk" */;
			productName = "FirebaseFirestoreCombine-Community";
		};
		6FC6EC8B2ECCE05000D67341 /* FirebaseFunctions */ = {
			isa = XCSwiftPackageProductDependency;
			package = 6F02D1172ECCD40000A5FE92 /* XCRemoteSwiftPackageReference "firebase-ios-sdk" */;
			productName = FirebaseFunctions;
		};
		6FC6EC8D2ECCE05000D67341 /* FirebaseFunctionsCombine-Community */ = {
			isa = XCSwiftPackageProductDependency;
			package = 6F02D1172ECCD40000A5FE92 /* XCRemoteSwiftPackageReference "firebase-ios-sdk" */;
			productName = "FirebaseFunctionsCombine-Community";
		};
		6FC6EC8F2ECCE05000D67341 /* FirebaseInAppMessaging-Beta */ = {
			isa = XCSwiftPackageProductDependency;
			package = 6F02D1172ECCD40000A5FE92 /* XCRemoteSwiftPackageReference "firebase-ios-sdk" */;
			productName = "FirebaseInAppMessaging-Beta";
		};
		6FC6EC912ECCE05000D67341 /* FirebaseInstallations */ = {
			isa = XCSwiftPackageProductDependency;
			package = 6F02D1172ECCD40000A5FE92 /* XCRemoteSwiftPackageReference "firebase-ios-sdk" */;
			productName = FirebaseInstallations;
		};
		6FC6EC932ECCE05000D67341 /* FirebaseMLModelDownloader */ = {
			isa = XCSwiftPackageProductDependency;
			package = 6F02D1172ECCD40000A5FE92 /* XCRemoteSwiftPackageReference "firebase-ios-sdk" */;
			productName = FirebaseMLModelDownloader;
		};
		6FC6EC952ECCE05000D67341 /* FirebaseMessaging */ = {
			isa = XCSwiftPackageProductDependency;
			package = 6F02D1172ECCD40000A5FE92 /* XCRemoteSwiftPackageReference "firebase-ios-sdk" */;
			productName = FirebaseMessaging;
		};
		6FC6EC972ECCE05000D67341 /* FirebasePerformance */ = {
			isa = XCSwiftPackageProductDependency;
			package = 6F02D1172ECCD40000A5FE92 /* XCRemoteSwiftPackageReference "firebase-ios-sdk" */;
			productName = FirebasePerformance;
		};
		6FC6EC992ECCE05000D67341 /* FirebaseRemoteConfig */ = {
			isa = XCSwiftPackageProductDependency;
			package = 6F02D1172ECCD40000A5FE92 /* XCRemoteSwiftPackageReference "firebase-ios-sdk" */;
			productName = FirebaseRemoteConfig;
		};
		6FC6EC9B2ECCE05000D67341 /* FirebaseStorage */ = {
			isa = XCSwiftPackageProductDependency;
			package = 6F02D1172ECCD40000A5FE92 /* XCRemoteSwiftPackageReference "firebase-ios-sdk" */;
			productName = FirebaseStorage;
		};
		6FC6EC9D2ECCE05000D67341 /* FirebaseStorageCombine-Community */ = {
			isa = XCSwiftPackageProductDependency;
			package = 6F02D1172ECCD40000A5FE92 /* XCRemoteSwiftPackageReference "firebase-ios-sdk" */;
			productName = "FirebaseStorageCombine-Community";
		};
/* End XCSwiftPackageProductDependency section */
	};
	rootObject = 6F02D0D02ECCCB5900A5FE92 /* Project object */;
}
